github.com/clausecker/nfc/v2 v2.2.0 h1:MM0JUDflK9Z9inzCWT8FlxeRu7EPrBxO39eTjhvWt0U=
github.com/clausecker/nfc/v2 v2.2.0/go.mod h1:BjRBQUQTQmiwh2tEfQ+xBM5xY05sV2gnZ0JRYEHog/o=
github.com/d2r2/go-aosong v0.0.0-20190313125644-2d6230e464fc h1:pOaScvU4B1aBr3V/qAEiKfOOLUOcdtn3TPwNxYkwqVA=
github.com/d2r2/go-aosong v0.0.0-20190313125644-2d6230e464fc/go.mod h1:BQDOls3ioxlJK5azqC7skF6TOT27U6TBh6ja1HBwxXw=
github.com/d2r2/go-i2c v0.0.0-20191123181816-73a8a799d6bc h1:HLRSIWzUGMLCq4ldt0W1GLs3nnAxa5EGoP+9qHgh6j0=
github.com/d2r2/go-i2c v0.0.0-20191123181816-73a8a799d6bc/go.mod h1:AwxDPnsgIpy47jbGXZHA9Rv7pDkOJvQbezPuK1Y+nNk=
github.com/d2r2/go-logger v0.0.0-20210606094344-60e9d1233e22 h1:nO+SY4KOMsF/LsZ5EtbSKhiT3M6sv/igo2PEru/xEHI=
github.com/d2r2/go-logger v0.0.0-20210606094344-60e9d1233e22/go.mod h1:eSx+YfcVy5vCjRZBNIhpIpfCGFMQ6XSOSQkDk7+VCpg=
github.com/davecgh/go-spew v1.1.1 h1:vj9j/u1bqnvCEfJOwUhtlOARqs3+rkHYY13jYWTU97c=
github.com/davecgh/go-spew v1.1.1/go.mod h1:J7Y8YcW2NihsgmVo/mv3lAwl/skON4iLHjSsI+c5H38=
github.com/gorilla/websocket v1.5.3 h1:saDtZ6Pbx/0u+bgYQ3q96pZgCzfhKXGPqt7kZ72aNNg=
github.com/gorilla/websocket v1.5.3/go.mod h1:YR8l580nyteQvAITg2hZ9XVh4b55+EU/adAjf1fMHhE=
github.com/reeceappling/freefare v0.0.0-20241014223409-a627da2c6751 h1:Rk1CgF6rwg1bX/INyY7pXgBXqvvURD27CUx+ifbqObU=
github.com/reeceappling/freefare v0.0.0-20241014223409-a627da2c6751/go.mod h1:lZhzbKjeJYo2X6t127LuLMKz9li/PZPyG7eDwRFMVro=
github.com/reeceappling/goUtils/v2 v2.0.0-20250605212538-82fddbe29f22 h1:DXWOefbNJyVNC7wm80kwBwxvEndgukOV1NbCCqjjS8U=
github.com/reeceappling/goUtils/v2 v2.0.0-20250605212538-82fddbe29f22/go.mod h1:VkX3V7E3s1cxKa/8rgOc2fu89euuvMq0RMtNZIq1TMw=
golang.org/x/exp v0.0.0-20250408133849-7e4ce0ab07d0 h1:R84qjqJb5nVJMxqWYb3np9L5ZsaDtB+a39EqjV0JSUM=
golang.org/x/exp v0.0.0-20250408133849-7e4ce0ab07d0/go.mod h1:S9Xr4PYopiDyqSyp5NjCrhFrqg6A5zA2E/iPHPhqnS8=
golang.org/x/exp v0.0.0-20250531010427-b6e5de432a8b h1:QoALfVG9rhQ/M7vYDScfPdWjGL9dlsVVM5VGh7aKoAA=
golang.org/x/exp v0.0.0-20250531010427-b6e5de432a8b/go.mod h1:U6Lno4MTRCDY+Ba7aCcauB9T60gsv5s4ralQzP72ZoQ=
